
Microsoft Visual Studio Solution File, Format Version 12.00
# Visual Studio 15
VisualStudioVersion = 15.0.28307.421
MinimumVisualStudioVersion = 10.0.40219.1
Project("{FAE04EC0-301F-11D3-BF4B-00C04F79EFBC}") = "RESTServiceDatabaseOpgave", "RESTServiceDatabaseOpgave\RESTServiceDatabaseOpgave.csproj", "{59834789-2F89-4D88-809E-6442FE4CAAD2}"
EndProject
Project("{FAE04EC0-301F-11D3-BF4B-00C04F79EFBC}") = "HotelModel", "HotelModels\HotelModel.csproj", "{8AC3AE4B-F856-4A98-9238-50C78F5E202B}"
EndProject
Project("{FAE04EC0-301F-11D3-BF4B-00C04F79EFBC}") = "REST Consumer", "REST Consumer\REST Consumer.csproj", "{4FA45967-2960-4958-971B-4EF9B71795E3}"
EndProject
Global
	GlobalSection(SolutionConfigurationPlatforms) = preSolution
		Debug|Any CPU = Debug|Any CPU
		Release|Any CPU = Release|Any CPU
	EndGlobalSection
	GlobalSection(ProjectConfigurationPlatforms) = postSolution
		{59834789-2F89-4D88-809E-6442FE4CAAD2}.Debug|Any CPU.ActiveCfg = Debug|Any CPU
		{59834789-2F89-4D88-809E-6442FE4CAAD2}.Debug|Any CPU.Build.0 = Debug|Any CPU
		{59834789-2F89-4D88-809E-6442FE4CAAD2}.Release|Any CPU.ActiveCfg = Release|Any CPU
		{59834789-2F89-4D88-809E-6442FE4CAAD2}.Release|Any CPU.Build.0 = Release|Any CPU
		{8AC3AE4B-F856-4A98-9238-50C78F5E202B}.Debug|Any CPU.ActiveCfg = Debug|Any CPU
		{8AC3AE4B-F856-4A98-9238-50C78F5E202B}.Debug|Any CPU.Build.0 = Debug|Any CPU
		{8AC3AE4B-F856-4A98-9238-50C78F5E202B}.Release|Any CPU.ActiveCfg = Release|Any CPU
		{8AC3AE4B-F856-4A98-9238-50C78F5E202B}.Release|Any CPU.Build.0 = Release|Any CPU
		{4FA45967-2960-4958-971B-4EF9B71795E3}.Debug|Any CPU.ActiveCfg = Debug|Any CPU
		{4FA45967-2960-4958-971B-4EF9B71795E3}.Debug|Any CPU.Build.0 = Debug|Any CPU
		{4FA45967-2960-4958-971B-4EF9B71795E3}.Release|Any CPU.ActiveCfg = Release|Any CPU
		{4FA45967-2960-4958-971B-4EF9B71795E3}.Release|Any CPU.Build.0 = Release|Any CPU
	EndGlobalSection
	GlobalSection(SolutionProperties) = preSolution
		HideSolutionNode = FALSE
	EndGlobalSection
	GlobalSection(ExtensibilityGlobals) = postSolution
		SolutionGuid = {D0D6555A-7C98-4D0C-BF75-EB7193B2E701}
	EndGlobalSection
EndGlobal
